
Microsoft Visual Studio Solution File, Format Version 12.00
# Visual Studio Version 17
VisualStudioVersion = 17.7.34202.233
MinimumVisualStudioVersion = 10.0.40219.1
Project("{FAE04EC0-301F-11D3-BF4B-00C04F79EFBC}") = "Mmc_Mdc", "Mmc_Mdc.csproj", "{BF10DE77-94C8-448E-9267-8D418B54D707}"
EndProject
Global
	GlobalSection(SolutionConfigurationPlatforms) = preSolution
		Debug|Any CPU = Debug|Any CPU
		Release|Any CPU = Release|Any CPU
	EndGlobalSection
	GlobalSection(ProjectConfigurationPlatforms) = postSolution
		{BF10DE77-94C8-448E-9267-8D418B54D707}.Debug|Any CPU.ActiveCfg = Debug|Any CPU
		{BF10DE77-94C8-448E-9267-8D418B54D707}.Debug|Any CPU.Build.0 = Debug|Any CPU
		{BF10DE77-94C8-448E-9267-8D418B54D707}.Release|Any CPU.ActiveCfg = Release|Any CPU
		{BF10DE77-94C8-448E-9267-8D418B54D707}.Release|Any CPU.Build.0 = Release|Any CPU
	EndGlobalSection
	GlobalSection(SolutionProperties) = preSolution
		HideSolutionNode = FALSE
	EndGlobalSection
	GlobalSection(ExtensibilityGlobals) = postSolution
		SolutionGuid = {01973E40-0ECB-4A28-B525-D6D2899768AD}
	EndGlobalSection
EndGlobal
